
Microsoft Visual Studio Solution File, Format Version 12.00
# Visual Studio Version 16
VisualStudioVersion = 16.0.31105.61
MinimumVisualStudioVersion = 10.0.40219.1
Project("{8BC9CEB8-8B4A-11D0-8D11-00A0C91BC942}") = "SwingCopter", "SwingCopter\SwingCopter.vcxproj", "{6EAF4161-7623-4FA9-A219-F22C43077385}"
EndProject
Global
	GlobalSection(SolutionConfigurationPlatforms) = preSolution
		Debug|x86 = Debug|x86
		Release|x86 = Release|x86
	EndGlobalSection
	GlobalSection(ProjectConfigurationPlatforms) = postSolution
		{6EAF4161-7623-4FA9-A219-F22C43077385}.Debug|x86.ActiveCfg = Release|Win32
		{6EAF4161-7623-4FA9-A219-F22C43077385}.Release|x86.ActiveCfg = Release|Win32
		{6EAF4161-7623-4FA9-A219-F22C43077385}.Release|x86.Build.0 = Release|Win32
	EndGlobalSection
	GlobalSection(SolutionProperties) = preSolution
		HideSolutionNode = FALSE
	EndGlobalSection
	GlobalSection(ExtensibilityGlobals) = postSolution
		SolutionGuid = {2DA41B49-5AEE-4381-BE0F-7E16849405F3}
	EndGlobalSection
EndGlobal
